
Microsoft Visual Studio Solution File, Format Version 12.00
# Visual Studio Version 17
VisualStudioVersion = 17.0.31903.59
MinimumVisualStudioVersion = 10.0.40219.1
Project("{2150E333-8FDC-42A3-9474-1A3956D46DE8}") = "src", "src", "{C0050595-3F06-4EDC-AD1D-7262E04DB17B}"
EndProject
Project("{FAE04EC0-301F-11D3-BF4B-00C04F79EFBC}") = "ToDoList.WebApi", "src\ToDoList.WebApi\ToDoList.WebApi.csproj", "{472AC269-F41C-4381-8609-B7F8DB0C498D}"
EndProject
Global
	GlobalSection(SolutionConfigurationPlatforms) = preSolution
		Debug|Any CPU = Debug|Any CPU
		Release|Any CPU = Release|Any CPU
	EndGlobalSection
	GlobalSection(SolutionProperties) = preSolution
		HideSolutionNode = FALSE
	EndGlobalSection
	GlobalSection(ProjectConfigurationPlatforms) = postSolution
		{472AC269-F41C-4381-8609-B7F8DB0C498D}.Debug|Any CPU.ActiveCfg = Debug|Any CPU
		{472AC269-F41C-4381-8609-B7F8DB0C498D}.Debug|Any CPU.Build.0 = Debug|Any CPU
		{472AC269-F41C-4381-8609-B7F8DB0C498D}.Release|Any CPU.ActiveCfg = Release|Any CPU
		{472AC269-F41C-4381-8609-B7F8DB0C498D}.Release|Any CPU.Build.0 = Release|Any CPU
	EndGlobalSection
	GlobalSection(NestedProjects) = preSolution
		{472AC269-F41C-4381-8609-B7F8DB0C498D} = {C0050595-3F06-4EDC-AD1D-7262E04DB17B}
	EndGlobalSection
EndGlobal
